{
    "_meta": {
        "hash": {
            "sha256": "198f904cd8ec49da8176ca95d76e96b851887f729816bff095edc7aebdb54bd8"
        },
        "pipfile-spec": 6,
        "requires": {
            "python_version": "3.12"
        },
        "sources": [
            {
                "name": "pypi",
                "url": "https://pypi.org/simple",
                "verify_ssl": true
            }
        ]
    },
    "default": {},
    "develop": {}
}
